
Microsoft Visual Studio Solution File, Format Version 12.00
# Visual Studio Version 16
VisualStudioVersion = 16.0.34301.259
MinimumVisualStudioVersion = 10.0.40219.1
Project("{9A19103F-16F7-4668-BE54-9A1E7A4F7556}") = "MeuTodo", "MeuTodo.csproj", "{5BC1F5BA-0108-4804-8AF3-79DEFB167463}"
EndProject
Global
	GlobalSection(SolutionConfigurationPlatforms) = preSolution
		Debug|Any CPU = Debug|Any CPU
		Release|Any CPU = Release|Any CPU
	EndGlobalSection
	GlobalSection(ProjectConfigurationPlatforms) = postSolution
		{5BC1F5BA-0108-4804-8AF3-79DEFB167463}.Debug|Any CPU.ActiveCfg = Debug|Any CPU
		{5BC1F5BA-0108-4804-8AF3-79DEFB167463}.Debug|Any CPU.Build.0 = Debug|Any CPU
		{5BC1F5BA-0108-4804-8AF3-79DEFB167463}.Release|Any CPU.ActiveCfg = Release|Any CPU
		{5BC1F5BA-0108-4804-8AF3-79DEFB167463}.Release|Any CPU.Build.0 = Release|Any CPU
	EndGlobalSection
	GlobalSection(SolutionProperties) = preSolution
		HideSolutionNode = FALSE
	EndGlobalSection
	GlobalSection(ExtensibilityGlobals) = postSolution
		SolutionGuid = {F4FEB475-66F4-4B7E-9835-1D701E0BA585}
	EndGlobalSection
EndGlobal
